
Microsoft Visual Studio Solution File, Format Version 12.00
# Visual Studio 15
VisualStudioVersion = 15.0.27703.2035
MinimumVisualStudioVersion = 10.0.40219.1
Project("{FAE04EC0-301F-11D3-BF4B-00C04F79EFBC}") = "TestScores", "TestScores\TestScores.csproj", "{A52C018A-834F-42E1-9468-C46F39DCAD9A}"
EndProject
Global
	GlobalSection(SolutionConfigurationPlatforms) = preSolution
		Debug|Any CPU = Debug|Any CPU
		Release|Any CPU = Release|Any CPU
	EndGlobalSection
	GlobalSection(ProjectConfigurationPlatforms) = postSolution
		{A52C018A-834F-42E1-9468-C46F39DCAD9A}.Debug|Any CPU.ActiveCfg = Debug|Any CPU
		{A52C018A-834F-42E1-9468-C46F39DCAD9A}.Debug|Any CPU.Build.0 = Debug|Any CPU
		{A52C018A-834F-42E1-9468-C46F39DCAD9A}.Release|Any CPU.ActiveCfg = Release|Any CPU
		{A52C018A-834F-42E1-9468-C46F39DCAD9A}.Release|Any CPU.Build.0 = Release|Any CPU
	EndGlobalSection
	GlobalSection(SolutionProperties) = preSolution
		HideSolutionNode = FALSE
	EndGlobalSection
	GlobalSection(ExtensibilityGlobals) = postSolution
		SolutionGuid = {C8B0B85A-8587-43EE-B9AE-E6CB98A98B00}
	EndGlobalSection
EndGlobal
